
Microsoft Visual Studio Solution File, Format Version 12.00
# Visual Studio Version 16
VisualStudioVersion = 16.0.29926.136
MinimumVisualStudioVersion = 10.0.40219.1
Project("{FAE04EC0-301F-11D3-BF4B-00C04F79EFBC}") = "Server", "Chat\Server.csproj", "{0C607A9C-3BA1-4946-8B50-728E01DCCBA0}"
EndProject
Project("{FAE04EC0-301F-11D3-BF4B-00C04F79EFBC}") = "Client", "Client\Client.csproj", "{DC6C5AFE-D920-4947-86D8-A370A1E21844}"
EndProject
Project("{FAE04EC0-301F-11D3-BF4B-00C04F79EFBC}") = "TCPNetwork", "TCPNetwork\TCPNetwork.csproj", "{8991B46D-1E11-4E9C-8593-D4A956519D64}"
EndProject
Global
	GlobalSection(SolutionConfigurationPlatforms) = preSolution
		Debug|Any CPU = Debug|Any CPU
		Release|Any CPU = Release|Any CPU
	EndGlobalSection
	GlobalSection(ProjectConfigurationPlatforms) = postSolution
		{0C607A9C-3BA1-4946-8B50-728E01DCCBA0}.Debug|Any CPU.ActiveCfg = Debug|Any CPU
		{0C607A9C-3BA1-4946-8B50-728E01DCCBA0}.Debug|Any CPU.Build.0 = Debug|Any CPU
		{0C607A9C-3BA1-4946-8B50-728E01DCCBA0}.Release|Any CPU.ActiveCfg = Release|Any CPU
		{0C607A9C-3BA1-4946-8B50-728E01DCCBA0}.Release|Any CPU.Build.0 = Release|Any CPU
		{DC6C5AFE-D920-4947-86D8-A370A1E21844}.Debug|Any CPU.ActiveCfg = Debug|Any CPU
		{DC6C5AFE-D920-4947-86D8-A370A1E21844}.Debug|Any CPU.Build.0 = Debug|Any CPU
		{DC6C5AFE-D920-4947-86D8-A370A1E21844}.Release|Any CPU.ActiveCfg = Release|Any CPU
		{DC6C5AFE-D920-4947-86D8-A370A1E21844}.Release|Any CPU.Build.0 = Release|Any CPU
		{8991B46D-1E11-4E9C-8593-D4A956519D64}.Debug|Any CPU.ActiveCfg = Debug|Any CPU
		{8991B46D-1E11-4E9C-8593-D4A956519D64}.Debug|Any CPU.Build.0 = Debug|Any CPU
		{8991B46D-1E11-4E9C-8593-D4A956519D64}.Release|Any CPU.ActiveCfg = Release|Any CPU
		{8991B46D-1E11-4E9C-8593-D4A956519D64}.Release|Any CPU.Build.0 = Release|Any CPU
	EndGlobalSection
	GlobalSection(SolutionProperties) = preSolution
		HideSolutionNode = FALSE
	EndGlobalSection
	GlobalSection(ExtensibilityGlobals) = postSolution
		SolutionGuid = {10CDB642-3C6F-4BEC-8163-E86EADAE8A12}
	EndGlobalSection
EndGlobal
